
Microsoft Visual Studio Solution File, Format Version 12.00
# Visual Studio Version 16
VisualStudioVersion = 16.0.808.1
MinimumVisualStudioVersion = 10.0.40219.1
Project("{FAE04EC0-301F-11D3-BF4B-00C04F79EFBC}") = "XFMemoryLeaks.Android", "XFMemoryLeaks.Android\XFMemoryLeaks.Android.csproj", "{B1A45D1F-C837-4FE3-9FED-217B349C070D}"
EndProject
Project("{FAE04EC0-301F-11D3-BF4B-00C04F79EFBC}") = "XFMemoryLeaks.iOS", "XFMemoryLeaks.iOS\XFMemoryLeaks.iOS.csproj", "{499540F8-DCBA-4974-87A2-089F1FAF71C4}"
EndProject
Project("{FAE04EC0-301F-11D3-BF4B-00C04F79EFBC}") = "XFMemoryLeaks", "XFMemoryLeaks\XFMemoryLeaks.csproj", "{68EB8736-84DE-4332-B599-496C5DBD8032}"
EndProject
Global
	GlobalSection(SolutionConfigurationPlatforms) = preSolution
		Debug|Any CPU = Debug|Any CPU
		Release|Any CPU = Release|Any CPU
		Debug|iPhoneSimulator = Debug|iPhoneSimulator
		Release|iPhoneSimulator = Release|iPhoneSimulator
		Debug|iPhone = Debug|iPhone
		Release|iPhone = Release|iPhone
	EndGlobalSection
	GlobalSection(ProjectConfigurationPlatforms) = postSolution
		{B1A45D1F-C837-4FE3-9FED-217B349C070D}.Debug|Any CPU.ActiveCfg = Debug|Any CPU
		{B1A45D1F-C837-4FE3-9FED-217B349C070D}.Debug|Any CPU.Build.0 = Debug|Any CPU
		{B1A45D1F-C837-4FE3-9FED-217B349C070D}.Release|Any CPU.ActiveCfg = Release|Any CPU
		{B1A45D1F-C837-4FE3-9FED-217B349C070D}.Release|Any CPU.Build.0 = Release|Any CPU
		{B1A45D1F-C837-4FE3-9FED-217B349C070D}.Debug|iPhoneSimulator.ActiveCfg = Debug|Any CPU
		{B1A45D1F-C837-4FE3-9FED-217B349C070D}.Debug|iPhoneSimulator.Build.0 = Debug|Any CPU
		{B1A45D1F-C837-4FE3-9FED-217B349C070D}.Release|iPhoneSimulator.ActiveCfg = Release|Any CPU
		{B1A45D1F-C837-4FE3-9FED-217B349C070D}.Release|iPhoneSimulator.Build.0 = Release|Any CPU
		{B1A45D1F-C837-4FE3-9FED-217B349C070D}.Debug|iPhone.ActiveCfg = Debug|Any CPU
		{B1A45D1F-C837-4FE3-9FED-217B349C070D}.Debug|iPhone.Build.0 = Debug|Any CPU
		{B1A45D1F-C837-4FE3-9FED-217B349C070D}.Release|iPhone.ActiveCfg = Release|Any CPU
		{B1A45D1F-C837-4FE3-9FED-217B349C070D}.Release|iPhone.Build.0 = Release|Any CPU
		{499540F8-DCBA-4974-87A2-089F1FAF71C4}.Debug|Any CPU.ActiveCfg = Debug|iPhoneSimulator
		{499540F8-DCBA-4974-87A2-089F1FAF71C4}.Debug|Any CPU.Build.0 = Debug|iPhoneSimulator
		{499540F8-DCBA-4974-87A2-089F1FAF71C4}.Release|Any CPU.ActiveCfg = Release|iPhoneSimulator
		{499540F8-DCBA-4974-87A2-089F1FAF71C4}.Release|Any CPU.Build.0 = Release|iPhoneSimulator
		{499540F8-DCBA-4974-87A2-089F1FAF71C4}.Debug|iPhoneSimulator.ActiveCfg = Debug|iPhoneSimulator
		{499540F8-DCBA-4974-87A2-089F1FAF71C4}.Debug|iPhoneSimulator.Build.0 = Debug|iPhoneSimulator
		{499540F8-DCBA-4974-87A2-089F1FAF71C4}.Release|iPhoneSimulator.ActiveCfg = Release|iPhoneSimulator
		{499540F8-DCBA-4974-87A2-089F1FAF71C4}.Release|iPhoneSimulator.Build.0 = Release|iPhoneSimulator
		{499540F8-DCBA-4974-87A2-089F1FAF71C4}.Debug|iPhone.ActiveCfg = Debug|iPhone
		{499540F8-DCBA-4974-87A2-089F1FAF71C4}.Debug|iPhone.Build.0 = Debug|iPhone
		{499540F8-DCBA-4974-87A2-089F1FAF71C4}.Release|iPhone.ActiveCfg = Release|iPhone
		{499540F8-DCBA-4974-87A2-089F1FAF71C4}.Release|iPhone.Build.0 = Release|iPhone
		{68EB8736-84DE-4332-B599-496C5DBD8032}.Debug|Any CPU.ActiveCfg = Debug|Any CPU
		{68EB8736-84DE-4332-B599-496C5DBD8032}.Debug|Any CPU.Build.0 = Debug|Any CPU
		{68EB8736-84DE-4332-B599-496C5DBD8032}.Release|Any CPU.ActiveCfg = Release|Any CPU
		{68EB8736-84DE-4332-B599-496C5DBD8032}.Release|Any CPU.Build.0 = Release|Any CPU
		{68EB8736-84DE-4332-B599-496C5DBD8032}.Debug|iPhoneSimulator.ActiveCfg = Debug|Any CPU
		{68EB8736-84DE-4332-B599-496C5DBD8032}.Debug|iPhoneSimulator.Build.0 = Debug|Any CPU
		{68EB8736-84DE-4332-B599-496C5DBD8032}.Release|iPhoneSimulator.ActiveCfg = Release|Any CPU
		{68EB8736-84DE-4332-B599-496C5DBD8032}.Release|iPhoneSimulator.Build.0 = Release|Any CPU
		{68EB8736-84DE-4332-B599-496C5DBD8032}.Debug|iPhone.ActiveCfg = Debug|Any CPU
		{68EB8736-84DE-4332-B599-496C5DBD8032}.Debug|iPhone.Build.0 = Debug|Any CPU
		{68EB8736-84DE-4332-B599-496C5DBD8032}.Release|iPhone.ActiveCfg = Release|Any CPU
		{68EB8736-84DE-4332-B599-496C5DBD8032}.Release|iPhone.Build.0 = Release|Any CPU
	EndGlobalSection
	GlobalSection(SolutionProperties) = preSolution
		HideSolutionNode = FALSE
	EndGlobalSection
	GlobalSection(ExtensibilityGlobals) = postSolution
		SolutionGuid = {E6E455CB-6825-450C-A0D6-3C3B07949C2D}
	EndGlobalSection
EndGlobal
